
Microsoft Visual Studio Solution File, Format Version 12.00
# Visual Studio Version 16
VisualStudioVersion = 16.0.31729.503
MinimumVisualStudioVersion = 10.0.40219.1
Project("{9A19103F-16F7-4668-BE54-9A1E7A4F7556}") = "22may", "22may\22may.csproj", "{E8CA0426-801F-4831-BA7B-D44657E04CD9}"
EndProject
Global
	GlobalSection(SolutionConfigurationPlatforms) = preSolution
		Debug|Any CPU = Debug|Any CPU
		Release|Any CPU = Release|Any CPU
	EndGlobalSection
	GlobalSection(ProjectConfigurationPlatforms) = postSolution
		{E8CA0426-801F-4831-BA7B-D44657E04CD9}.Debug|Any CPU.ActiveCfg = Debug|Any CPU
		{E8CA0426-801F-4831-BA7B-D44657E04CD9}.Debug|Any CPU.Build.0 = Debug|Any CPU
		{E8CA0426-801F-4831-BA7B-D44657E04CD9}.Release|Any CPU.ActiveCfg = Release|Any CPU
		{E8CA0426-801F-4831-BA7B-D44657E04CD9}.Release|Any CPU.Build.0 = Release|Any CPU
	EndGlobalSection
	GlobalSection(SolutionProperties) = preSolution
		HideSolutionNode = FALSE
	EndGlobalSection
	GlobalSection(ExtensibilityGlobals) = postSolution
		SolutionGuid = {E5F63F58-BCBF-49AF-9672-B50CFF8A5170}
	EndGlobalSection
EndGlobal
